
Microsoft Visual Studio Solution File, Format Version 12.00
# Visual Studio Version 17
VisualStudioVersion = 17.5.33530.505
MinimumVisualStudioVersion = 10.0.40219.1
Project("{2150E333-8FDC-42A3-9474-1A3956D46DE8}") = "src", "src", "{C62132A0-4C43-45C9-8E65-B43DB4ACD58F}"
EndProject
Project("{2150E333-8FDC-42A3-9474-1A3956D46DE8}") = "1 - Web", "1 - Web", "{D80322B5-0ABA-4E26-AA45-ACBD62E425D9}"
EndProject
Project("{FAE04EC0-301F-11D3-BF4B-00C04F79EFBC}") = "AdvancedApi.WebApi", "src\AdvancedApi.WebApi\AdvancedApi.WebApi.csproj", "{CB2AE85C-5A4D-4C71-AE18-F40623D6D434}"
EndProject
Project("{2150E333-8FDC-42A3-9474-1A3956D46DE8}") = "2 - Application", "2 - Application", "{94D6D006-A916-4858-8A86-DF35075A9E00}"
EndProject
Project("{2150E333-8FDC-42A3-9474-1A3956D46DE8}") = "4 - Infrastructure", "4 - Infrastructure", "{741D62BA-0AD7-47D9-BE3A-F6547489393E}"
EndProject
Project("{2150E333-8FDC-42A3-9474-1A3956D46DE8}") = "3 - Domain", "3 - Domain", "{23A1BFE2-B028-48E9-A772-32C52D2753CD}"
EndProject
Project("{FAE04EC0-301F-11D3-BF4B-00C04F79EFBC}") = "AdvancedApi.Domain", "src\AdvancedApi.Domain\AdvancedApi.Domain.csproj", "{0CC4F826-3A74-4845-B3CB-9961977B14C6}"
EndProject
Project("{2150E333-8FDC-42A3-9474-1A3956D46DE8}") = "4.1 - Data", "4.1 - Data", "{5D89589E-8D06-4221-96EF-8FB5FA1D6945}"
EndProject
Project("{2150E333-8FDC-42A3-9474-1A3956D46DE8}") = "4.2 - CrossCutting", "4.2 - CrossCutting", "{A412F24A-B4A9-4772-9951-4AECA9438F61}"
EndProject
Project("{FAE04EC0-301F-11D3-BF4B-00C04F79EFBC}") = "AdvancedApi.Infra.Data", "src\AdvancedApi.Infra.Data\AdvancedApi.Infra.Data.csproj", "{A518B1A0-2C2A-4D68-95E7-8440E7CDE783}"
EndProject
Project("{FAE04EC0-301F-11D3-BF4B-00C04F79EFBC}") = "AdvancedApi.Infra.CrossCutting.IoC", "src\AdvancedApi.Infra.CrossCutting.IoC\AdvancedApi.Infra.CrossCutting.IoC.csproj", "{7C4AD128-34B5-4C16-A123-839032E9A73C}"
EndProject
Project("{FAE04EC0-301F-11D3-BF4B-00C04F79EFBC}") = "AdvancedApi.Application", "src\AdvancedApi.Application\AdvancedApi.Application.csproj", "{BA6B8D8D-7303-4581-8DD0-362D338833CA}"
EndProject
Global
	GlobalSection(SolutionConfigurationPlatforms) = preSolution
		Debug|Any CPU = Debug|Any CPU
		Release|Any CPU = Release|Any CPU
	EndGlobalSection
	GlobalSection(ProjectConfigurationPlatforms) = postSolution
		{CB2AE85C-5A4D-4C71-AE18-F40623D6D434}.Debug|Any CPU.ActiveCfg = Debug|Any CPU
		{CB2AE85C-5A4D-4C71-AE18-F40623D6D434}.Debug|Any CPU.Build.0 = Debug|Any CPU
		{CB2AE85C-5A4D-4C71-AE18-F40623D6D434}.Release|Any CPU.ActiveCfg = Release|Any CPU
		{CB2AE85C-5A4D-4C71-AE18-F40623D6D434}.Release|Any CPU.Build.0 = Release|Any CPU
		{0CC4F826-3A74-4845-B3CB-9961977B14C6}.Debug|Any CPU.ActiveCfg = Debug|Any CPU
		{0CC4F826-3A74-4845-B3CB-9961977B14C6}.Debug|Any CPU.Build.0 = Debug|Any CPU
		{0CC4F826-3A74-4845-B3CB-9961977B14C6}.Release|Any CPU.ActiveCfg = Release|Any CPU
		{0CC4F826-3A74-4845-B3CB-9961977B14C6}.Release|Any CPU.Build.0 = Release|Any CPU
		{A518B1A0-2C2A-4D68-95E7-8440E7CDE783}.Debug|Any CPU.ActiveCfg = Debug|Any CPU
		{A518B1A0-2C2A-4D68-95E7-8440E7CDE783}.Debug|Any CPU.Build.0 = Debug|Any CPU
		{A518B1A0-2C2A-4D68-95E7-8440E7CDE783}.Release|Any CPU.ActiveCfg = Release|Any CPU
		{A518B1A0-2C2A-4D68-95E7-8440E7CDE783}.Release|Any CPU.Build.0 = Release|Any CPU
		{7C4AD128-34B5-4C16-A123-839032E9A73C}.Debug|Any CPU.ActiveCfg = Debug|Any CPU
		{7C4AD128-34B5-4C16-A123-839032E9A73C}.Debug|Any CPU.Build.0 = Debug|Any CPU
		{7C4AD128-34B5-4C16-A123-839032E9A73C}.Release|Any CPU.ActiveCfg = Release|Any CPU
		{7C4AD128-34B5-4C16-A123-839032E9A73C}.Release|Any CPU.Build.0 = Release|Any CPU
		{BA6B8D8D-7303-4581-8DD0-362D338833CA}.Debug|Any CPU.ActiveCfg = Debug|Any CPU
		{BA6B8D8D-7303-4581-8DD0-362D338833CA}.Debug|Any CPU.Build.0 = Debug|Any CPU
		{BA6B8D8D-7303-4581-8DD0-362D338833CA}.Release|Any CPU.ActiveCfg = Release|Any CPU
		{BA6B8D8D-7303-4581-8DD0-362D338833CA}.Release|Any CPU.Build.0 = Release|Any CPU
	EndGlobalSection
	GlobalSection(SolutionProperties) = preSolution
		HideSolutionNode = FALSE
	EndGlobalSection
	GlobalSection(NestedProjects) = preSolution
		{D80322B5-0ABA-4E26-AA45-ACBD62E425D9} = {C62132A0-4C43-45C9-8E65-B43DB4ACD58F}
		{CB2AE85C-5A4D-4C71-AE18-F40623D6D434} = {D80322B5-0ABA-4E26-AA45-ACBD62E425D9}
		{94D6D006-A916-4858-8A86-DF35075A9E00} = {C62132A0-4C43-45C9-8E65-B43DB4ACD58F}
		{741D62BA-0AD7-47D9-BE3A-F6547489393E} = {C62132A0-4C43-45C9-8E65-B43DB4ACD58F}
		{23A1BFE2-B028-48E9-A772-32C52D2753CD} = {C62132A0-4C43-45C9-8E65-B43DB4ACD58F}
		{0CC4F826-3A74-4845-B3CB-9961977B14C6} = {23A1BFE2-B028-48E9-A772-32C52D2753CD}
		{5D89589E-8D06-4221-96EF-8FB5FA1D6945} = {741D62BA-0AD7-47D9-BE3A-F6547489393E}
		{A412F24A-B4A9-4772-9951-4AECA9438F61} = {741D62BA-0AD7-47D9-BE3A-F6547489393E}
		{A518B1A0-2C2A-4D68-95E7-8440E7CDE783} = {5D89589E-8D06-4221-96EF-8FB5FA1D6945}
		{7C4AD128-34B5-4C16-A123-839032E9A73C} = {A412F24A-B4A9-4772-9951-4AECA9438F61}
		{BA6B8D8D-7303-4581-8DD0-362D338833CA} = {94D6D006-A916-4858-8A86-DF35075A9E00}
	EndGlobalSection
	GlobalSection(ExtensibilityGlobals) = postSolution
		SolutionGuid = {60AEC4C7-0090-4F01-B184-6D75A727EEB1}
	EndGlobalSection
EndGlobal
